{
  "requires": true,
  "lockfileVersion": 1,
  "dependencies": {
    "satellite.js": {
      "version": "4.1.1",
      "resolved": "https://registry.npmjs.org/satellite.js/-/satellite.js-4.1.1.tgz",
      "integrity": "sha512-fOWylAFtTyFf2MfqBcpuPtA4LnkA55zGURWWX+qUo7ihsa4vEgJonlm3mi1l26+8Hdzs04G3vP8m6PFT+b/2gA=="
    }
  }
}
